<Solution>
  <Project Path="ESFE.RegistroAcademico.AccesoADatos/ESFE.RegistroAcademico.AccesoADatos.csproj" />
  <Project Path="ESFE.RegistroAcademico.EntidadesDeNegocio/ESFE.RegistroAcademico.EntidadesDeNegocio.csproj" />
  <Project Path="ESFE.RegistroAcademico.LogicaDeNegocios/ESFE.RegistroAcademico.LogicaDeNegocios.csproj" />
  <Project Path="ESFE.RegistroAcademico.UI.WindowsForm/ESFE.RegistroAcademico.UI.WindowsForm.csproj" />
</Solution>
